
Microsoft Visual Studio Solution File, Format Version 12.00
# Visual Studio Version 17
VisualStudioVersion = 17.14.36414.22 d17.14
MinimumVisualStudioVersion = 10.0.40219.1
Project("{FAE04EC0-301F-11D3-BF4B-00C04F79EFBC}") = "DemoEfCoreApi", "DemoEfCoreApi\DemoEfCoreApi.csproj", "{2649080B-F7C7-4E65-8891-D6385A2440CE}"
EndProject
Global
	GlobalSection(SolutionConfigurationPlatforms) = preSolution
		Debug|Any CPU = Debug|Any CPU
		Release|Any CPU = Release|Any CPU
	EndGlobalSection
	GlobalSection(ProjectConfigurationPlatforms) = postSolution
		{2649080B-F7C7-4E65-8891-D6385A2440CE}.Debug|Any CPU.ActiveCfg = Debug|Any CPU
		{2649080B-F7C7-4E65-8891-D6385A2440CE}.Debug|Any CPU.Build.0 = Debug|Any CPU
		{2649080B-F7C7-4E65-8891-D6385A2440CE}.Release|Any CPU.ActiveCfg = Release|Any CPU
		{2649080B-F7C7-4E65-8891-D6385A2440CE}.Release|Any CPU.Build.0 = Release|Any CPU
	EndGlobalSection
	GlobalSection(SolutionProperties) = preSolution
		HideSolutionNode = FALSE
	EndGlobalSection
	GlobalSection(ExtensibilityGlobals) = postSolution
		SolutionGuid = {7C8E62AE-8CD0-4165-8E4A-8008214CE2B1}
	EndGlobalSection
EndGlobal
